
Microsoft Visual Studio Solution File, Format Version 12.00
# Visual Studio Version 17
VisualStudioVersion = 17.10.35013.160
MinimumVisualStudioVersion = 10.0.40219.1
Project("{FAE04EC0-301F-11D3-BF4B-00C04F79EFBC}") = "BlarmWF", "BlarmWF\BlarmWF.csproj", "{3AC2E81B-80F1-444C-8530-5045350BD16F}"
EndProject
Project("{FAE04EC0-301F-11D3-BF4B-00C04F79EFBC}") = "BlarmAgent", "BlarmAgent\BlarmAgent.csproj", "{BF99BEBD-74FB-454F-A757-256F4683693B}"
EndProject
Global
	GlobalSection(SolutionConfigurationPlatforms) = preSolution
		Debug|Any CPU = Debug|Any CPU
		Release|Any CPU = Release|Any CPU
	EndGlobalSection
	GlobalSection(ProjectConfigurationPlatforms) = postSolution
		{3AC2E81B-80F1-444C-8530-5045350BD16F}.Debug|Any CPU.ActiveCfg = Debug|Any CPU
		{3AC2E81B-80F1-444C-8530-5045350BD16F}.Debug|Any CPU.Build.0 = Debug|Any CPU
		{3AC2E81B-80F1-444C-8530-5045350BD16F}.Release|Any CPU.ActiveCfg = Release|Any CPU
		{3AC2E81B-80F1-444C-8530-5045350BD16F}.Release|Any CPU.Build.0 = Release|Any CPU
		{BF99BEBD-74FB-454F-A757-256F4683693B}.Debug|Any CPU.ActiveCfg = Debug|Any CPU
		{BF99BEBD-74FB-454F-A757-256F4683693B}.Debug|Any CPU.Build.0 = Debug|Any CPU
		{BF99BEBD-74FB-454F-A757-256F4683693B}.Release|Any CPU.ActiveCfg = Release|Any CPU
		{BF99BEBD-74FB-454F-A757-256F4683693B}.Release|Any CPU.Build.0 = Release|Any CPU
	EndGlobalSection
	GlobalSection(SolutionProperties) = preSolution
		HideSolutionNode = FALSE
	EndGlobalSection
	GlobalSection(ExtensibilityGlobals) = postSolution
		SolutionGuid = {BF7690AD-C518-4711-AF6C-49E514689296}
	EndGlobalSection
EndGlobal
